
Microsoft Visual Studio Solution File, Format Version 12.00
# Visual Studio Version 17
VisualStudioVersion = 17.7.34221.43
MinimumVisualStudioVersion = 10.0.40219.1
Project("{FAE04EC0-301F-11D3-BF4B-00C04F79EFBC}") = "SPL-Interpreter", "SPL-Interpreter\SPL-Interpreter.csproj", "{A6F560E3-89B0-46AB-8D09-002EB71005F5}"
EndProject
Global
	GlobalSection(SolutionConfigurationPlatforms) = preSolution
		Debug|Any CPU = Debug|Any CPU
		Release|Any CPU = Release|Any CPU
	EndGlobalSection
	GlobalSection(ProjectConfigurationPlatforms) = postSolution
		{A6F560E3-89B0-46AB-8D09-002EB71005F5}.Debug|Any CPU.ActiveCfg = Debug|Any CPU
		{A6F560E3-89B0-46AB-8D09-002EB71005F5}.Debug|Any CPU.Build.0 = Debug|Any CPU
		{A6F560E3-89B0-46AB-8D09-002EB71005F5}.Release|Any CPU.ActiveCfg = Release|Any CPU
		{A6F560E3-89B0-46AB-8D09-002EB71005F5}.Release|Any CPU.Build.0 = Release|Any CPU
	EndGlobalSection
	GlobalSection(SolutionProperties) = preSolution
		HideSolutionNode = FALSE
	EndGlobalSection
	GlobalSection(ExtensibilityGlobals) = postSolution
		SolutionGuid = {54FE2847-CF4E-4482-A6A5-64AC69CBF92A}
	EndGlobalSection
EndGlobal
